Microsoft Visual Studio Solution File, Format Version 12.00
# Visual Studio Version 17
VisualStudioVersion = 17.5.2.0
MinimumVisualStudioVersion = 10.0.40219.1
Project("{FAE04EC0-301F-11D3-BF4B-00C04F79EFBC}") = "ARCHOSC-Assignment-Siddharth-Rathwa-", "ARCHOSC-Assignment-Siddharth-Rathwa-.csproj", "{2FD06DF4-37EE-CE5F-4403-DC6F8EE722A7}"
EndProject
Global
	GlobalSection(SolutionConfigurationPlatforms) = preSolution
		Debug|Any CPU = Debug|Any CPU
		Release|Any CPU = Release|Any CPU
	EndGlobalSection
	GlobalSection(ProjectConfigurationPlatforms) = postSolution
		{2FD06DF4-37EE-CE5F-4403-DC6F8EE722A7}.Debug|Any CPU.ActiveCfg = Debug|Any CPU
		{2FD06DF4-37EE-CE5F-4403-DC6F8EE722A7}.Debug|Any CPU.Build.0 = Debug|Any CPU
		{2FD06DF4-37EE-CE5F-4403-DC6F8EE722A7}.Release|Any CPU.ActiveCfg = Release|Any CPU
		{2FD06DF4-37EE-CE5F-4403-DC6F8EE722A7}.Release|Any CPU.Build.0 = Release|Any CPU
	EndGlobalSection
	GlobalSection(SolutionProperties) = preSolution
		HideSolutionNode = FALSE
	EndGlobalSection
	GlobalSection(ExtensibilityGlobals) = postSolution
		SolutionGuid = {1BAEF858-1862-4F30-9502-41CB10355647}
	EndGlobalSection
EndGlobal
